{
  "version": 4,
  "terraform_version": "1.7.5",
  "serial": 20,
  "lineage": "6eff7fc3-86c3-bc1c-b5b6-1dd9f4911846",
  "outputs": {
    "caller_identity_account_id": {
      "value": "768461982891",
      "type": "string"
    },
    "iam_account_password_policy_expire_passwords": {
      "value": false,
      "type": "bool"
    }
  },
  "resources": [
    {
      "module": "module.iam_account",
      "mode": "data",
      "type": "aws_caller_identity",
      "name": "this",
      "provider": "provider[\"registry.terraform.io/hashicorp/aws\"]",
      "instances": [
        {
          "index_key": 0,
          "schema_version": 0,
          "attributes": {
            "account_id": "768461982891",
            "arn": "arn:aws:iam::768461982891:user/learning_user",
            "id": "768461982891",
            "user_id": "AIDA3F27HJSVUZZIMA7ZL"
          },
          "sensitive_attributes": []
        }
      ]
    },
    {
      "module": "module.iam_account",
      "mode": "managed",
      "type": "aws_iam_account_password_policy",
      "name": "this",
      "provider": "provider[\"registry.terraform.io/hashicorp/aws\"]",
      "instances": [
        {
          "index_key": 0,
          "schema_version": 0,
          "attributes": {
            "allow_users_to_change_password": true,
            "expire_passwords": false,
            "hard_expiry": false,
            "id": "iam-account-password-policy",
            "max_password_age": 0,
            "minimum_password_length": 6,
            "password_reuse_prevention": 0,
            "require_lowercase_characters": true,
            "require_numbers": false,
            "require_symbols": true,
            "require_uppercase_characters": true
          },
          "sensitive_attributes": [],
          "private": "bnVsbA=="
        }
      ]
    }
  ],
  "check_results": null
}
